{
  "pins" : [
    {
      "identity" : "abseil-cpp-binary",
      "kind" : "remoteSourceControl",
      "location" : "https://github.com/google/abseil-cpp-binary.git",
      "state" : {
        "revision" : "bfc0b6f81adc06ce5121eb23f628473638d67c5c",
        "version" : "1.2022062300.0"
      }
    },
    {
      "identity" : "amplify-swift",
      "kind" : "remoteSourceControl",
      "location" : "https://github.com/aws-amplify/amplify-swift",
      "state" : {
        "branch" : "main",
        "revision" : "d34ab0cd02158ab28d0318c6829122981d3449ba"
      }
    },
    {
      "identity" : "amplify-swift-utils-notifications",
      "kind" : "remoteSourceControl",
      "location" : "https://github.com/aws-amplify/amplify-swift-utils-notifications.git",
      "state" : {
        "revision" : "d4fd3c17e8d40efc821f448d3d6cff75b8f3b0dd",
        "version" : "1.0.0"
      }
    },
    {
      "identity" : "aws-appsync-realtime-client-ios",
      "kind" : "remoteSourceControl",
      "location" : "https://github.com/aws-amplify/aws-appsync-realtime-client-ios.git",
      "state" : {
        "revision" : "b036e83716789c13a3480eeb292b70caa54114f2",
        "version" : "3.1.0"
      }
    },
    {
      "identity" : "aws-crt-swift",
      "kind" : "remoteSourceControl",
      "location" : "https://github.com/awslabs/aws-crt-swift",
      "state" : {
        "revision" : "6feec6c3787877807aa9a00fad09591b96752376",
        "version" : "0.6.1"
      }
    },
    {
      "identity" : "aws-sdk-swift",
      "kind" : "remoteSourceControl",
      "location" : "https://github.com/awslabs/aws-sdk-swift.git",
      "state" : {
        "revision" : "24bae88a2391fe75da8a940a544d1ef6441f5321",
        "version" : "0.13.0"
      }
    },
    {
      "identity" : "collectionconcurrencykit",
      "kind" : "remoteSourceControl",
      "location" : "https://github.com/JohnSundell/CollectionConcurrencyKit.git",
      "state" : {
        "revision" : "b4f23e24b5a1bff301efc5e70871083ca029ff95",
        "version" : "0.2.0"
      }
    },
    {
      "identity" : "cryptoswift",
      "kind" : "remoteSourceControl",
      "location" : "https://github.com/krzyzanowskim/CryptoSwift.git",
      "state" : {
        "revision" : "eee9ad754926c40a0f7e73f152357d37b119b7fa",
        "version" : "1.7.1"
      }
    },
    {
      "identity" : "cwlcatchexception",
      "kind" : "remoteSourceControl",
      "location" : "https://github.com/mattgallagher/CwlCatchException.git",
      "state" : {
        "revision" : "3b123999de19bf04905bc1dfdb76f817b0f2cc00",
        "version" : "2.1.2"
      }
    },
    {
      "identity" : "cwlpreconditiontesting",
      "kind" : "remoteSourceControl",
      "location" : "https://github.com/mattgallagher/CwlPreconditionTesting.git",
      "state" : {
        "revision" : "a23ded2c91df9156628a6996ab4f347526f17b6b",
        "version" : "2.1.2"
      }
    },
    {
      "identity" : "firebase-ios-sdk",
      "kind" : "remoteSourceControl",
      "location" : "https://github.com/firebase/firebase-ios-sdk.git",
      "state" : {
        "branch" : "master",
        "revision" : "9099f7fba6d506f95a6fbbc402c89a4165496e8a"
      }
    },
    {
      "identity" : "googleappmeasurement",
      "kind" : "remoteSourceControl",
      "location" : "https://github.com/google/GoogleAppMeasurement.git",
      "state" : {
        "revision" : "69f5b8425dd473d2f2475bba7f88f82cd9da0e36",
        "version" : "10.10.0"
      }
    },
    {
      "identity" : "googledatatransport",
      "kind" : "remoteSourceControl",
      "location" : "https://github.com/google/GoogleDataTransport.git",
      "state" : {
        "revision" : "7874c1b48cbffd086ce8a052c4be873a78613775",
        "version" : "9.2.3"
      }
    },
    {
      "identity" : "googleutilities",
      "kind" : "remoteSourceControl",
      "location" : "https://github.com/google/GoogleUtilities.git",
      "state" : {
        "revision" : "871d43135925cde39ef7421d8723ce47edfdcc39",
        "version" : "7.11.1"
      }
    },
    {
      "identity" : "grpc-binary",
      "kind" : "remoteSourceControl",
      "location" : "https://github.com/google/grpc-binary.git",
      "state" : {
        "revision" : "2b7656d8ee892cd39db460b1a0d849de618405e6",
        "version" : "1.50.1"
      }
    },
    {
      "identity" : "gtm-session-fetcher",
      "kind" : "remoteSourceControl",
      "location" : "https://github.com/google/gtm-session-fetcher.git",
      "state" : {
        "revision" : "d415594121c9e8a4f9d79cecee0965cf35e74dbd",
        "version" : "3.1.1"
      }
    },
    {
      "identity" : "leveldb",
      "kind" : "remoteSourceControl",
      "location" : "https://github.com/firebase/leveldb.git",
      "state" : {
        "revision" : "0706abcc6b0bd9cedfbb015ba840e4a780b5159b",
        "version" : "1.22.2"
      }
    },
    {
      "identity" : "licensesplugin",
      "kind" : "remoteSourceControl",
      "location" : "https://github.com/maiyama18/LicensesPlugin",
      "state" : {
        "branch" : "main",
        "revision" : "b303f6b92427d6236e63bd75b559f095101817aa"
      }
    },
    {
      "identity" : "nanopb",
      "kind" : "remoteSourceControl",
      "location" : "https://github.com/firebase/nanopb.git",
      "state" : {
        "revision" : "819d0a2173aff699fb8c364b6fb906f7cdb1a692",
        "version" : "2.30909.0"
      }
    },
    {
      "identity" : "nimble",
      "kind" : "remoteSourceControl",
      "location" : "https://github.com/Quick/Nimble",
      "state" : {
        "branch" : "main",
        "revision" : "3c81754d6174885759be729fd36e91e4c946be48"
      }
    },
    {
      "identity" : "promises",
      "kind" : "remoteSourceControl",
      "location" : "https://github.com/google/promises.git",
      "state" : {
        "revision" : "ec957ccddbcc710ccc64c9dcbd4c7006fcf8b73a",
        "version" : "2.2.0"
      }
    },
    {
      "identity" : "quick",
      "kind" : "remoteSourceControl",
      "location" : "https://github.com/Quick/Quick",
      "state" : {
        "branch" : "main",
        "revision" : "a77506a7a389b54688b7b8e48226d56bde360c80"
      }
    },
    {
      "identity" : "smithy-swift",
      "kind" : "remoteSourceControl",
      "location" : "https://github.com/awslabs/smithy-swift",
      "state" : {
        "revision" : "7b28da158d92cd06a3549140d43b8fbcf64a94a6",
        "version" : "0.15.0"
      }
    },
    {
      "identity" : "sourcekitten",
      "kind" : "remoteSourceControl",
      "location" : "https://github.com/jpsim/SourceKitten.git",
      "state" : {
        "revision" : "b6dc09ee51dfb0c66e042d2328c017483a1a5d56",
        "version" : "0.34.1"
      }
    },
    {
      "identity" : "sqlite.swift",
      "kind" : "remoteSourceControl",
      "location" : "https://github.com/stephencelis/SQLite.swift.git",
      "state" : {
        "revision" : "5f5ad81ac0d0a0f3e56e39e646e8423c617df523",
        "version" : "0.13.2"
      }
    },
    {
      "identity" : "starscream",
      "kind" : "remoteSourceControl",
      "location" : "https://github.com/daltoniam/Starscream",
      "state" : {
        "revision" : "df8d82047f6654d8e4b655d1b1525c64e1059d21",
        "version" : "4.0.4"
      }
    },
    {
      "identity" : "swift-argument-parser",
      "kind" : "remoteSourceControl",
      "location" : "https://github.com/apple/swift-argument-parser.git",
      "state" : {
        "revision" : "fee6933f37fde9a5e12a1e4aeaa93fe60116ff2a",
        "version" : "1.2.2"
      }
    },
    {
      "identity" : "swift-collections",
      "kind" : "remoteSourceControl",
      "location" : "https://github.com/apple/swift-collections",
      "state" : {
        "revision" : "937e904258d22af6e447a0b72c0bc67583ef64a2",
        "version" : "1.0.4"
      }
    },
    {
      "identity" : "swift-log",
      "kind" : "remoteSourceControl",
      "location" : "https://github.com/apple/swift-log.git",
      "state" : {
        "revision" : "32e8d724467f8fe623624570367e3d50c5638e46",
        "version" : "1.5.2"
      }
    },
    {
      "identity" : "swift-protobuf",
      "kind" : "remoteSourceControl",
      "location" : "https://github.com/apple/swift-protobuf.git",
      "state" : {
        "revision" : "0af9125c4eae12a4973fb66574c53a54962a9e1e",
        "version" : "1.21.0"
      }
    },
    {
      "identity" : "swift-syntax",
      "kind" : "remoteSourceControl",
      "location" : "https://github.com/apple/swift-syntax.git",
      "state" : {
        "revision" : "2a9988f32c3439b1c850673cfccb085ddcde1395",
        "version" : "509.0.0-swift-5.9-DEVELOPMENT-SNAPSHOT-2023-04-10-a"
      }
    },
    {
      "identity" : "swiftformat",
      "kind" : "remoteSourceControl",
      "location" : "https://github.com/nicklockwood/SwiftFormat",
      "state" : {
        "branch" : "master",
        "revision" : "d98aa3f098f38e93324cfda8ee909581cf3d791d"
      }
    },
    {
      "identity" : "swiftlint",
      "kind" : "remoteSourceControl",
      "location" : "https://github.com/realm/SwiftLint",
      "state" : {
        "branch" : "main",
        "revision" : "9054ec0658650e9a2a21e37a643b7c0f391487b9"
      }
    },
    {
      "identity" : "swiftytexttable",
      "kind" : "remoteSourceControl",
      "location" : "https://github.com/scottrhoyt/SwiftyTextTable.git",
      "state" : {
        "revision" : "c6df6cf533d120716bff38f8ff9885e1ce2a4ac3",
        "version" : "0.9.0"
      }
    },
    {
      "identity" : "swxmlhash",
      "kind" : "remoteSourceControl",
      "location" : "https://github.com/drmohundro/SWXMLHash.git",
      "state" : {
        "revision" : "4d0f62f561458cbe1f732171e625f03195151b60",
        "version" : "7.0.1"
      }
    },
    {
      "identity" : "xmlcoder",
      "kind" : "remoteSourceControl",
      "location" : "https://github.com/MaxDesiatov/XMLCoder.git",
      "state" : {
        "revision" : "b1e944cbd0ef33787b13f639a5418d55b3bed501",
        "version" : "0.17.1"
      }
    },
    {
      "identity" : "yams",
      "kind" : "remoteSourceControl",
      "location" : "https://github.com/jpsim/Yams.git",
      "state" : {
        "revision" : "f47ba4838c30dbd59998a4e4c87ab620ff959e8a",
        "version" : "5.0.5"
      }
    }
  ],
  "version" : 2
}
